
Microsoft Visual Studio Solution File, Format Version 12.00
# Visual Studio Version 17
VisualStudioVersion = 17.6.33829.357
MinimumVisualStudioVersion = 10.0.40219.1
Project("{FAE04EC0-301F-11D3-BF4B-00C04F79EFBC}") = "IRISTaks", "IRISTaks\IRISTaks.csproj", "{B47FD11D-033B-4E99-95CB-F1E3F27C392A}"
EndProject
Global
	GlobalSection(SolutionConfigurationPlatforms) = preSolution
		Debug|Any CPU = Debug|Any CPU
		Release|Any CPU = Release|Any CPU
	EndGlobalSection
	GlobalSection(ProjectConfigurationPlatforms) = postSolution
		{B47FD11D-033B-4E99-95CB-F1E3F27C392A}.Debug|Any CPU.ActiveCfg = Debug|Any CPU
		{B47FD11D-033B-4E99-95CB-F1E3F27C392A}.Debug|Any CPU.Build.0 = Debug|Any CPU
		{B47FD11D-033B-4E99-95CB-F1E3F27C392A}.Release|Any CPU.ActiveCfg = Release|Any CPU
		{B47FD11D-033B-4E99-95CB-F1E3F27C392A}.Release|Any CPU.Build.0 = Release|Any CPU
	EndGlobalSection
	GlobalSection(SolutionProperties) = preSolution
		HideSolutionNode = FALSE
	EndGlobalSection
	GlobalSection(ExtensibilityGlobals) = postSolution
		SolutionGuid = {74B5D6D3-739A-4104-9897-3C831C8B3B39}
	EndGlobalSection
EndGlobal
